// !$*UTF8*$!
{
	archiveVersion = 1;
	classes = {
	};
	objectVersion = 55;
	objects = {

/* Begin PBXBuildFile section */
		48556661282C285500DA3C9D /* AppDelegate.swift in Sources */ = {isa = PBXBuildFile; fileRef = 48556660282C285500DA3C9D /* AppDelegate.swift */; };
		48556663282C285500DA3C9D /* SceneDelegate.swift in Sources */ = {isa = PBXBuildFile; fileRef = 48556662282C285500DA3C9D /* SceneDelegate.swift */; };
		48556665282C285500DA3C9D /* ViewController.swift in Sources */ = {isa = PBXBuildFile; fileRef = 48556664282C285500DA3C9D /* ViewController.swift */; };
		48556668282C285500DA3C9D /* Main.storyboard in Resources */ = {isa = PBXBuildFile; fileRef = 48556666282C285500DA3C9D /* Main.storyboard */; };
		4855666A282C285700DA3C9D /* Assets.xcassets in Resources */ = {isa = PBXBuildFile; fileRef = 48556669282C285700DA3C9D /* Assets.xcassets */; };
		4855666D282C285700DA3C9D /* LaunchScreen.storyboard in Resources */ = {isa = PBXBuildFile; fileRef = 4855666B282C285700DA3C9D /* LaunchScreen.storyboard */; };
		48556676282C2C3C00DA3C9D /* TransformVisualization.swift in Sources */ = {isa = PBXBuildFile; fileRef = 48556674282C2C3B00DA3C9D /* TransformVisualization.swift */; };
		48556677282C2C3C00DA3C9D /* VirtualContent.swift in Sources */ = {isa = PBXBuildFile; fileRef = 48556675282C2C3C00DA3C9D /* VirtualContent.swift */; };
		48556679282C2C7A00DA3C9D /* Models.scnassets in Resources */ = {isa = PBXBuildFile; fileRef = 48556678282C2C7A00DA3C9D /* Models.scnassets */; };
		4855667B282C2DDD00DA3C9D /* Utilities.swift in Sources */ = {isa = PBXBuildFile; fileRef = 4855667A282C2DDD00DA3C9D /* Utilities.swift */; };
/* End PBXBuildFile section */

/* Begin PBXFileReference section */
		4855665D282C285500DA3C9D /* FaceTrackUDP.app */ = {isa = PBXFileReference; explicitFileType = wrapper.application; includeInIndex = 0; path = FaceTrackUDP.app; sourceTree = BUILT_PRODUCTS_DIR; };
		48556660282C285500DA3C9D /* AppDelegate.swift */ = {isa = PBXFileReference; lastKnownFileType = sourcecode.swift; path = AppDelegate.swift; sourceTree = "<group>"; };
		48556662282C285500DA3C9D /* SceneDelegate.swift */ = {isa = PBXFileReference; lastKnownFileType = sourcecode.swift; path = SceneDelegate.swift; sourceTree = "<group>"; };
		48556664282C285500DA3C9D /* ViewController.swift */ = {isa = PBXFileReference; lastKnownFileType = sourcecode.swift; path = ViewController.swift; sourceTree = "<group>"; };
		48556667282C285500DA3C9D /* Base */ = {isa = PBXFileReference; lastKnownFileType = file.storyboard; name = Base; path = Base.lproj/Main.storyboard; sourceTree = "<group>"; };
		48556669282C285700DA3C9D /* Assets.xcassets */ = {isa = PBXFileReference; lastKnownFileType = folder.assetcatalog; path = Assets.xcassets; sourceTree = "<group>"; };
		4855666C282C285700DA3C9D /* Base */ = {isa = PBXFileReference; lastKnownFileType = file.storyboard; name = Base; path = Base.lproj/LaunchScreen.storyboard; sourceTree = "<group>"; };
		4855666E282C285700DA3C9D /* Info.plist */ = {isa = PBXFileReference; lastKnownFileType = text.plist.xml; path = Info.plist; sourceTree = "<group>"; };
		48556674282C2C3B00DA3C9D /* TransformVisualization.swift */ = {isa = PBXFileReference; fileEncoding = 4; lastKnownFileType = sourcecode.swift; path = TransformVisualization.swift; sourceTree = "<group>"; };
		48556675282C2C3C00DA3C9D /* VirtualContent.swift */ = {isa = PBXFileReference; fileEncoding = 4; lastKnownFileType = sourcecode.swift; path = VirtualContent.swift; sourceTree = "<group>"; };
		48556678282C2C7A00DA3C9D /* Models.scnassets */ = {isa = PBXFileReference; lastKnownFileType = wrapper.scnassets; path = Models.scnassets; sourceTree = "<group>"; };
		4855667A282C2DDD00DA3C9D /* Utilities.swift */ = {isa = PBXFileReference; fileEncoding = 4; lastKnownFileType = sourcecode.swift; path = Utilities.swift; sourceTree = "<group>"; };
/* End PBXFileReference section */

/* Begin PBXFrameworksBuildPhase section */
		4855665A282C285500DA3C9D /* Frameworks */ = {
			isa = PBXFrameworksBuildPhase;
			buildActionMask = 2147483647;
			files = (
			);
			runOnlyForDeploymentPostprocessing = 0;
		};
/* End PBXFrameworksBuildPhase section */

/* Begin PBXGroup section */
		48556654282C285500DA3C9D = {
			isa = PBXGroup;
			children = (
				4855665F282C285500DA3C9D /* FaceTrackUDP */,
				4855665E282C285500DA3C9D /* Products */,
			);
			sourceTree = "<group>";
		};
		4855665E282C285500DA3C9D /* Products */ = {
			isa = PBXGroup;
			children = (
				4855665D282C285500DA3C9D /* FaceTrackUDP.app */,
			);
			name = Products;
			sourceTree = "<group>";
		};
		4855665F282C285500DA3C9D /* FaceTrackUDP */ = {
			isa = PBXGroup;
			children = (
				48556660282C285500DA3C9D /* AppDelegate.swift */,
				48556662282C285500DA3C9D /* SceneDelegate.swift */,
				48556664282C285500DA3C9D /* ViewController.swift */,
				48556674282C2C3B00DA3C9D /* TransformVisualization.swift */,
				48556675282C2C3C00DA3C9D /* VirtualContent.swift */,
				4855667A282C2DDD00DA3C9D /* Utilities.swift */,
				48556678282C2C7A00DA3C9D /* Models.scnassets */,
				48556666282C285500DA3C9D /* Main.storyboard */,
				48556669282C285700DA3C9D /* Assets.xcassets */,
				4855666B282C285700DA3C9D /* LaunchScreen.storyboard */,
				4855666E282C285700DA3C9D /* Info.plist */,
			);
			path = FaceTrackUDP;
			sourceTree = "<group>";
		};
/* End PBXGroup section */

/* Begin PBXNativeTarget section */
		4855665C282C285500DA3C9D /* FaceTrackUDP */ = {
			isa = PBXNativeTarget;
			buildConfigurationList = 48556671282C285700DA3C9D /* Build configuration list for PBXNativeTarget "FaceTrackUDP" */;
			buildPhases = (
				48556659282C285500DA3C9D /* Sources */,
				4855665A282C285500DA3C9D /* Frameworks */,
				4855665B282C285500DA3C9D /* Resources */,
			);
			buildRules = (
			);
			dependencies = (
			);
			name = FaceTrackUDP;
			productName = FaceTrackUDP;
			productReference = 4855665D282C285500DA3C9D /* FaceTrackUDP.app */;
			productType = "com.apple.product-type.application";
		};
/* End PBXNativeTarget section */

/* Begin PBXProject section */
		48556655282C285500DA3C9D /* Project object */ = {
			isa = PBXProject;
			attributes = {
				BuildIndependentTargetsInParallel = 1;
				LastSwiftUpdateCheck = 1330;
				LastUpgradeCheck = 1330;
				TargetAttributes = {
					4855665C282C285500DA3C9D = {
						CreatedOnToolsVersion = 13.3.1;
					};
				};
			};
			buildConfigurationList = 48556658282C285500DA3C9D /* Build configuration list for PBXProject "FaceTrackUDP" */;
			compatibilityVersion = "Xcode 13.0";
			developmentRegion = en;
			hasScannedForEncodings = 0;
			knownRegions = (
				en,
				Base,
			);
			mainGroup = 48556654282C285500DA3C9D;
			productRefGroup = 4855665E282C285500DA3C9D /* Products */;
			projectDirPath = "";
			projectRoot = "";
			targets = (
				4855665C282C285500DA3C9D /* FaceTrackUDP */,
			);
		};
/* End PBXProject section */

/* Begin PBXResourcesBuildPhase section */
		4855665B282C285500DA3C9D /* Resources */ = {
			isa = PBXResourcesBuildPhase;
			buildActionMask = 2147483647;
			files = (
				4855666D282C285700DA3C9D /* LaunchScreen.storyboard in Resources */,
				48556679282C2C7A00DA3C9D /* Models.scnassets in Resources */,
				4855666A282C285700DA3C9D /* Assets.xcassets in Resources */,
				48556668282C285500DA3C9D /* Main.storyboard in Resources */,
			);
			runOnlyForDeploymentPostprocessing = 0;
		};
/* End PBXResourcesBuildPhase section */

/* Begin PBXSourcesBuildPhase section */
		48556659282C285500DA3C9D /* Sources */ = {
			isa = PBXSourcesBuildPhase;
			buildActionMask = 2147483647;
			files = (
				4855667B282C2DDD00DA3C9D /* Utilities.swift in Sources */,
				48556665282C285500DA3C9D /* ViewController.swift in Sources */,
				48556677282C2C3C00DA3C9D /* VirtualContent.swift in Sources */,
				48556676282C2C3C00DA3C9D /* TransformVisualization.swift in Sources */,
				48556661282C285500DA3C9D /* AppDelegate.swift in Sources */,
				48556663282C285500DA3C9D /* SceneDelegate.swift in Sources */,
			);
			runOnlyForDeploymentPostprocessing = 0;
		};
/* End PBXSourcesBuildPhase section */

/* Begin PBXVariantGroup section */
		48556666282C285500DA3C9D /* Main.storyboard */ = {
			isa = PBXVariantGroup;
			children = (
				48556667282C285500DA3C9D /* Base */,
			);
			name = Main.storyboard;
			sourceTree = "<group>";
		};
		4855666B282C285700DA3C9D /* LaunchScreen.storyboard */ = {
			isa = PBXVariantGroup;
			children = (
				4855666C282C285700DA3C9D /* Base */,
			);
			name = LaunchScreen.storyboard;
			sourceTree = "<group>";
		};
/* End PBXVariantGroup section */

/* Begin XCBuildConfiguration section */
		4855666F282C285700DA3C9D /* Debug */ = {
			isa = XCBuildConfiguration;
			buildSettings = {
				ALWAYS_SEARCH_USER_PATHS = NO;
				CLANG_ANALYZER_NONNULL = YES;
				CLANG_ANALYZER_NUMBER_OBJECT_CONVERSION = YES_AGGRESSIVE;
				CLANG_CXX_LANGUAGE_STANDARD = "gnu++17";
				CLANG_ENABLE_MODULES = YES;
				CLANG_ENABLE_OBJC_ARC = YES;
				CLANG_ENABLE_OBJC_WEAK = YES;
				CLANG_WARN_BLOCK_CAPTURE_AUTORELEASING = YES;
				CLANG_WARN_BOOL_CONVERSION = YES;
				CLANG_WARN_COMMA = YES;
				CLANG_WARN_CONSTANT_CONVERSION = YES;
				CLANG_WARN_DEPRECATED_OBJC_IMPLEMENTATIONS = YES;
				CLANG_WARN_DIRECT_OBJC_ISA_USAGE = YES_ERROR;
				CLANG_WARN_DOCUMENTATION_COMMENTS = YES;
				CLANG_WARN_EMPTY_BODY = YES;
				CLANG_WARN_ENUM_CONVERSION = YES;
				CLANG_WARN_INFINITE_RECURSION = YES;
				CLANG_WARN_INT_CONVERSION = YES;
				CLANG_WARN_NON_LITERAL_NULL_CONVERSION = YES;
				CLANG_WARN_OBJC_IMPLICIT_RETAIN_SELF = YES;
				CLANG_WARN_OBJC_LITERAL_CONVERSION = YES;
				CLANG_WARN_OBJC_ROOT_CLASS = YES_ERROR;
				CLANG_WARN_QUOTED_INCLUDE_IN_FRAMEWORK_HEADER = YES;
				CLANG_WARN_RANGE_LOOP_ANALYSIS = YES;
				CLANG_WARN_STRICT_PROTOTYPES = YES;
				CLANG_WARN_SUSPICIOUS_MOVE = YES;
				CLANG_WARN_UNGUARDED_AVAILABILITY = YES_AGGRESSIVE;
				CLANG_WARN_UNREACHABLE_CODE = YES;
				CLANG_WARN__DUPLICATE_METHOD_MATCH = YES;
				COPY_PHASE_STRIP = NO;
				DEBUG_INFORMATION_FORMAT = dwarf;
				ENABLE_STRICT_OBJC_MSGSEND = YES;
				ENABLE_TESTABILITY = YES;
				GCC_C_LANGUAGE_STANDARD = gnu11;
				GCC_DYNAMIC_NO_PIC = NO;
				GCC_NO_COMMON_BLOCKS = YES;
				GCC_OPTIMIZATION_LEVEL = 0;
				GCC_PREPROCESSOR_DEFINITIONS = (
					"DEBUG=1",
					"$(inherited)",
				);
				GCC_WARN_64_TO_32_BIT_CONVERSION = YES;
				GCC_WARN_ABOUT_RETURN_TYPE = YES_ERROR;
				GCC_WARN_UNDECLARED_SELECTOR = YES;
				GCC_WARN_UNINITIALIZED_AUTOS = YES_AGGRESSIVE;
				GCC_WARN_UNUSED_FUNCTION = YES;
				GCC_WARN_UNUSED_VARIABLE = YES;
				IPHONEOS_DEPLOYMENT_TARGET = 15.4;
				MTL_ENABLE_DEBUG_INFO = INCLUDE_SOURCE;
				MTL_FAST_MATH = YES;
				ONLY_ACTIVE_ARCH = YES;
				SDKROOT = iphoneos;
				SWIFT_ACTIVE_COMPILATION_CONDITIONS = DEBUG;
				SWIFT_OPTIMIZATION_LEVEL = "-Onone";
			};
			name = Debug;
		};
		48556670282C285700DA3C9D /* Release */ = {
			isa = XCBuildConfiguration;
			buildSettings = {
				ALWAYS_SEARCH_USER_PATHS = NO;
				CLANG_ANALYZER_NONNULL = YES;
				CLANG_ANALYZER_NUMBER_OBJECT_CONVERSION = YES_AGGRESSIVE;
				CLANG_CXX_LANGUAGE_STANDARD = "gnu++17";
				CLANG_ENABLE_MODULES = YES;
				CLANG_ENABLE_OBJC_ARC = YES;
				CLANG_ENABLE_OBJC_WEAK = YES;
				CLANG_WARN_BLOCK_CAPTURE_AUTORELEASING = YES;
				CLANG_WARN_BOOL_CONVERSION = YES;
				CLANG_WARN_COMMA = YES;
				CLANG_WARN_CONSTANT_CONVERSION = YES;
				CLANG_WARN_DEPRECATED_OBJC_IMPLEMENTATIONS = YES;
				CLANG_WARN_DIRECT_OBJC_ISA_USAGE = YES_ERROR;
				CLANG_WARN_DOCUMENTATION_COMMENTS = YES;
				CLANG_WARN_EMPTY_BODY = YES;
				CLANG_WARN_ENUM_CONVERSION = YES;
				CLANG_WARN_INFINITE_RECURSION = YES;
				CLANG_WARN_INT_CONVERSION = YES;
				CLANG_WARN_NON_LITERAL_NULL_CONVERSION = YES;
				CLANG_WARN_OBJC_IMPLICIT_RETAIN_SELF = YES;
				CLANG_WARN_OBJC_LITERAL_CONVERSION = YES;
				CLANG_WARN_OBJC_ROOT_CLASS = YES_ERROR;
				CLANG_WARN_QUOTED_INCLUDE_IN_FRAMEWORK_HEADER = YES;
				CLANG_WARN_RANGE_LOOP_ANALYSIS = YES;
				CLANG_WARN_STRICT_PROTOTYPES = YES;
				CLANG_WARN_SUSPICIOUS_MOVE = YES;
				CLANG_WARN_UNGUARDED_AVAILABILITY = YES_AGGRESSIVE;
				CLANG_WARN_UNREACHABLE_CODE = YES;
				CLANG_WARN__DUPLICATE_METHOD_MATCH = YES;
				COPY_PHASE_STRIP = NO;
				DEBUG_INFORMATION_FORMAT = "dwarf-with-dsym";
				ENABLE_NS_ASSERTIONS = NO;
				ENABLE_STRICT_OBJC_MSGSEND = YES;
				GCC_C_LANGUAGE_STANDARD = gnu11;
				GCC_NO_COMMON_BLOCKS = YES;
				GCC_WARN_64_TO_32_BIT_CONVERSION = YES;
				GCC_WARN_ABOUT_RETURN_TYPE = YES_ERROR;
				GCC_WARN_UNDECLARED_SELECTOR = YES;
				GCC_WARN_UNINITIALIZED_AUTOS = YES_AGGRESSIVE;
				GCC_WARN_UNUSED_FUNCTION = YES;
				GCC_WARN_UNUSED_VARIABLE = YES;
				IPHONEOS_DEPLOYMENT_TARGET = 15.4;
				MTL_ENABLE_DEBUG_INFO = NO;
				MTL_FAST_MATH = YES;
				SDKROOT = iphoneos;
				SWIFT_COMPILATION_MODE = wholemodule;
				SWIFT_OPTIMIZATION_LEVEL = "-O";
				VALIDATE_PRODUCT = YES;
			};
			name = Release;
		};
		48556672282C285700DA3C9D /* Debug */ = {
			isa = XCBuildConfiguration;
			buildSettings = {
				ASSETCATALOG_COMPILER_APPICON_NAME = AppIcon;
				ASSETCATALOG_COMPILER_GLOBAL_ACCENT_COLOR_NAME = AccentColor;
				CODE_SIGN_STYLE = Automatic;
				CURRENT_PROJECT_VERSION = 1;
				DEVELOPMENT_TEAM = M7PTWC3569;
				GENERATE_INFOPLIST_FILE = YES;
				INFOPLIST_FILE = FaceTrackUDP/Info.plist;
				INFOPLIST_KEY_UIApplicationSupportsIndirectInputEvents = YES;
				INFOPLIST_KEY_UILaunchStoryboardName = LaunchScreen;
				INFOPLIST_KEY_UIMainStoryboardFile = Main;
				INFOPLIST_KEY_UISupportedInterfaceOrientations_iPad = "UIInterfaceOrientationPortrait UIInterfaceOrientationPortraitUpsideDown UIInterfaceOrientationLandscapeLeft UIInterfaceOrientationLandscapeRight";
				INFOPLIST_KEY_UISupportedInterfaceOrientations_iPhone = "UIInterfaceOrientationPortrait UIInterfaceOrientationLandscapeLeft UIInterfaceOrientationLandscapeRight";
				LD_RUNPATH_SEARCH_PATHS = (
					"$(inherited)",
					"@executable_path/Frameworks",
				);
				MARKETING_VERSION = 1.0;
				PRODUCT_BUNDLE_IDENTIFIER = com.yannbouschet.FaceTrackUDP;
				PRODUCT_NAME = "$(TARGET_NAME)";
				SWIFT_EMIT_LOC_STRINGS = YES;
				SWIFT_VERSION = 5.0;
				TARGETED_DEVICE_FAMILY = "1,2";
			};
			name = Debug;
		};
		48556673282C285700DA3C9D /* Release */ = {
			isa = XCBuildConfiguration;
			buildSettings = {
				ASSETCATALOG_COMPILER_APPICON_NAME = AppIcon;
				ASSETCATALOG_COMPILER_GLOBAL_ACCENT_COLOR_NAME = AccentColor;
				CODE_SIGN_STYLE = Automatic;
				CURRENT_PROJECT_VERSION = 1;
				DEVELOPMENT_TEAM = M7PTWC3569;
				GENERATE_INFOPLIST_FILE = YES;
				INFOPLIST_FILE = FaceTrackUDP/Info.plist;
				INFOPLIST_KEY_UIApplicationSupportsIndirectInputEvents = YES;
				INFOPLIST_KEY_UILaunchStoryboardName = LaunchScreen;
				INFOPLIST_KEY_UIMainStoryboardFile = Main;
				INFOPLIST_KEY_UISupportedInterfaceOrientations_iPad = "UIInterfaceOrientationPortrait UIInterfaceOrientationPortraitUpsideDown UIInterfaceOrientationLandscapeLeft UIInterfaceOrientationLandscapeRight";
				INFOPLIST_KEY_UISupportedInterfaceOrientations_iPhone = "UIInterfaceOrientationPortrait UIInterfaceOrientationLandscapeLeft UIInterfaceOrientationLandscapeRight";
				LD_RUNPATH_SEARCH_PATHS = (
					"$(inherited)",
					"@executable_path/Frameworks",
				);
				MARKETING_VERSION = 1.0;
				PRODUCT_BUNDLE_IDENTIFIER = com.yannbouschet.FaceTrackUDP;
				PRODUCT_NAME = "$(TARGET_NAME)";
				SWIFT_EMIT_LOC_STRINGS = YES;
				SWIFT_VERSION = 5.0;
				TARGETED_DEVICE_FAMILY = "1,2";
			};
			name = Release;
		};
/* End XCBuildConfiguration section */

/* Begin XCConfigurationList section */
		48556658282C285500DA3C9D /* Build configuration list for PBXProject "FaceTrackUDP" */ = {
			isa = XCConfigurationList;
			buildConfigurations = (
				4855666F282C285700DA3C9D /* Debug */,
				48556670282C285700DA3C9D /* Release */,
			);
			defaultConfigurationIsVisible = 0;
			defaultConfigurationName = Release;
		};
		48556671282C285700DA3C9D /* Build configuration list for PBXNativeTarget "FaceTrackUDP" */ = {
			isa = XCConfigurationList;
			buildConfigurations = (
				48556672282C285700DA3C9D /* Debug */,
				48556673282C285700DA3C9D /* Release */,
			);
			defaultConfigurationIsVisible = 0;
			defaultConfigurationName = Release;
		};
/* End XCConfigurationList section */
	};
	rootObject = 48556655282C285500DA3C9D /* Project object */;
}
